Microsoft Visual Studio Solution File, Format Version 12.00
# Visual Studio Version 17
VisualStudioVersion = 17.5.002.0
MinimumVisualStudioVersion = 10.0.40219.1
Project("{9A19103F-16F7-4668-BE54-9A1E7A4F7556}") = "Orch", "Orch.csproj", "{9BF22CB1-B792-45C4-9C1C-2B6BA63B8124}"
EndProject
Global
	GlobalSection(SolutionConfigurationPlatforms) = preSolution
		Debug|Any CPU = Debug|Any CPU
		Release|Any CPU = Release|Any CPU
	EndGlobalSection
	GlobalSection(ProjectConfigurationPlatforms) = postSolution
		{9BF22CB1-B792-45C4-9C1C-2B6BA63B8124}.Debug|Any CPU.ActiveCfg = Debug|Any CPU
		{9BF22CB1-B792-45C4-9C1C-2B6BA63B8124}.Debug|Any CPU.Build.0 = Debug|Any CPU
		{9BF22CB1-B792-45C4-9C1C-2B6BA63B8124}.Release|Any CPU.ActiveCfg = Release|Any CPU
		{9BF22CB1-B792-45C4-9C1C-2B6BA63B8124}.Release|Any CPU.Build.0 = Release|Any CPU
	EndGlobalSection
	GlobalSection(SolutionProperties) = preSolution
		HideSolutionNode = FALSE
	EndGlobalSection
	GlobalSection(ExtensibilityGlobals) = postSolution
		SolutionGuid = {C0CC7D05-0053-42D2-A337-0F918B57F90D}
	EndGlobalSection
EndGlobal
